
Microsoft Visual Studio Solution File, Format Version 12.00
# Visual Studio 2015
Project("{FAE04EC0-301F-11D3-BF4B-00C04F79EFBC}") = "Warigami.Plugins", "Warigami.Plugins.csproj", "{0EF2ECD7-71E0-06FA-21BA-0E432B43EF8C}"
EndProject
Project("{FAE04EC0-301F-11D3-BF4B-00C04F79EFBC}") = "Warigami", "Warigami.csproj", "{95C70BAD-08DA-7CCF-F436-1153CEB36619}"
EndProject
Project("{FAE04EC0-301F-11D3-BF4B-00C04F79EFBC}") = "Warigami.Editor.Plugins", "Warigami.Editor.Plugins.csproj", "{6DF095D7-FCDF-9B1B-E2A5-9155444DEEC3}"
EndProject
Global
	GlobalSection(SolutionConfigurationPlatforms) = preSolution
		Debug|Any CPU = Debug|Any CPU
		Release|Any CPU = Release|Any CPU
	EndGlobalSection
	GlobalSection(ProjectConfigurationPlatforms) = postSolution
		{0EF2ECD7-71E0-06FA-21BA-0E432B43EF8C}.Debug|Any CPU.ActiveCfg = Debug|Any CPU
		{0EF2ECD7-71E0-06FA-21BA-0E432B43EF8C}.Debug|Any CPU.Build.0 = Debug|Any CPU
		{0EF2ECD7-71E0-06FA-21BA-0E432B43EF8C}.Release|Any CPU.ActiveCfg = Release|Any CPU
		{0EF2ECD7-71E0-06FA-21BA-0E432B43EF8C}.Release|Any CPU.Build.0 = Release|Any CPU
		{95C70BAD-08DA-7CCF-F436-1153CEB36619}.Debug|Any CPU.ActiveCfg = Debug|Any CPU
		{95C70BAD-08DA-7CCF-F436-1153CEB36619}.Debug|Any CPU.Build.0 = Debug|Any CPU
		{95C70BAD-08DA-7CCF-F436-1153CEB36619}.Release|Any CPU.ActiveCfg = Release|Any CPU
		{95C70BAD-08DA-7CCF-F436-1153CEB36619}.Release|Any CPU.Build.0 = Release|Any CPU
		{6DF095D7-FCDF-9B1B-E2A5-9155444DEEC3}.Debug|Any CPU.ActiveCfg = Debug|Any CPU
		{6DF095D7-FCDF-9B1B-E2A5-9155444DEEC3}.Debug|Any CPU.Build.0 = Debug|Any CPU
		{6DF095D7-FCDF-9B1B-E2A5-9155444DEEC3}.Release|Any CPU.ActiveCfg = Release|Any CPU
		{6DF095D7-FCDF-9B1B-E2A5-9155444DEEC3}.Release|Any CPU.Build.0 = Release|Any CPU
	EndGlobalSection
	GlobalSection(SolutionProperties) = preSolution
		HideSolutionNode = FALSE
	EndGlobalSection
EndGlobal
